
Microsoft Visual Studio Solution File, Format Version 12.00
# Visual Studio Version 17
VisualStudioVersion = 17.3.32929.385
MinimumVisualStudioVersion = 10.0.40219.1
Project("{FAE04EC0-301F-11D3-BF4B-00C04F79EFBC}") = "My_Timeline_Login", "My_Timeline_Login\My_Timeline_Login.csproj", "{046B56F9-D716-409F-ADAE-E4C759E07B73}"
EndProject
Global
	GlobalSection(SolutionConfigurationPlatforms) = preSolution
		Debug|Any CPU = Debug|Any CPU
		Release|Any CPU = Release|Any CPU
	EndGlobalSection
	GlobalSection(ProjectConfigurationPlatforms) = postSolution
		{046B56F9-D716-409F-ADAE-E4C759E07B73}.Debug|Any CPU.ActiveCfg = Debug|Any CPU
		{046B56F9-D716-409F-ADAE-E4C759E07B73}.Debug|Any CPU.Build.0 = Debug|Any CPU
		{046B56F9-D716-409F-ADAE-E4C759E07B73}.Release|Any CPU.ActiveCfg = Release|Any CPU
		{046B56F9-D716-409F-ADAE-E4C759E07B73}.Release|Any CPU.Build.0 = Release|Any CPU
	EndGlobalSection
	GlobalSection(SolutionProperties) = preSolution
		HideSolutionNode = FALSE
	EndGlobalSection
	GlobalSection(ExtensibilityGlobals) = postSolution
		SolutionGuid = {053404A2-B939-4EA2-83B1-1B561B63E907}
	EndGlobalSection
EndGlobal
